
Microsoft Visual Studio Solution File, Format Version 12.00
# Visual Studio 15
VisualStudioVersion = 15.0.26730.12
MinimumVisualStudioVersion = 10.0.40219.1
Project("{FAE04EC0-301F-11D3-BF4B-00C04F79EFBC}") = "project", "fkmasdf\project.csproj", "{9148967C-4A41-4801-9A1B-8E0E3F7ACED5}"
EndProject
Project("{FAE04EC0-301F-11D3-BF4B-00C04F79EFBC}") = "UnitTestProject", "UnitTestProject\UnitTestProject.csproj", "{ADEB89B3-847B-4F50-B7AE-F5E126F3ED64}"
EndProject
Global
	GlobalSection(SolutionConfigurationPlatforms) = preSolution
		Debug|Any CPU = Debug|Any CPU
		Release|Any CPU = Release|Any CPU
	EndGlobalSection
	GlobalSection(ProjectConfigurationPlatforms) = postSolution
		{9148967C-4A41-4801-9A1B-8E0E3F7ACED5}.Debug|Any CPU.ActiveCfg = Debug|Any CPU
		{9148967C-4A41-4801-9A1B-8E0E3F7ACED5}.Debug|Any CPU.Build.0 = Debug|Any CPU
		{9148967C-4A41-4801-9A1B-8E0E3F7ACED5}.Release|Any CPU.ActiveCfg = Release|Any CPU
		{9148967C-4A41-4801-9A1B-8E0E3F7ACED5}.Release|Any CPU.Build.0 = Release|Any CPU
		{ADEB89B3-847B-4F50-B7AE-F5E126F3ED64}.Debug|Any CPU.ActiveCfg = Debug|Any CPU
		{ADEB89B3-847B-4F50-B7AE-F5E126F3ED64}.Debug|Any CPU.Build.0 = Debug|Any CPU
		{ADEB89B3-847B-4F50-B7AE-F5E126F3ED64}.Release|Any CPU.ActiveCfg = Release|Any CPU
		{ADEB89B3-847B-4F50-B7AE-F5E126F3ED64}.Release|Any CPU.Build.0 = Release|Any CPU
	EndGlobalSection
	GlobalSection(SolutionProperties) = preSolution
		HideSolutionNode = FALSE
	EndGlobalSection
	GlobalSection(ExtensibilityGlobals) = postSolution
		SolutionGuid = {363A7E8F-5D30-4BEC-8C44-58C3BC56D1AB}
	EndGlobalSection
EndGlobal
